// !$*UTF8*$!
{
	archiveVersion = 1;
	classes = {
	};
	objectVersion = 56;
	objects = {

/* Begin PBXBuildFile section */
		B19A30F72B02F4B300190F8F /* AppDelegate.swift in Sources */ = {isa = PBXBuildFile; fileRef = B19A30F62B02F4B300190F8F /* AppDelegate.swift */; };
		B19A30F92B02F4B300190F8F /* SceneDelegate.swift in Sources */ = {isa = PBXBuildFile; fileRef = B19A30F82B02F4B300190F8F /* SceneDelegate.swift */; };
		B19A30FE2B02F4B300190F8F /* Main.storyboard in Resources */ = {isa = PBXBuildFile; fileRef = B19A30FC2B02F4B300190F8F /* Main.storyboard */; };
		B19A31002B02F4B500190F8F /* Assets.xcassets in Resources */ = {isa = PBXBuildFile; fileRef = B19A30FF2B02F4B500190F8F /* Assets.xcassets */; };
		B19A31032B02F4B500190F8F /* LaunchScreen.storyboard in Resources */ = {isa = PBXBuildFile; fileRef = B19A31012B02F4B500190F8F /* LaunchScreen.storyboard */; };
		B19A310E2B02F4B500190F8F /* Team1_CruiseAppTests.swift in Sources */ = {isa = PBXBuildFile; fileRef = B19A310D2B02F4B500190F8F /* Team1_CruiseAppTests.swift */; };
		B19A31182B02F4B500190F8F /* Team1_CruiseAppUITests.swift in Sources */ = {isa = PBXBuildFile; fileRef = B19A31172B02F4B500190F8F /* Team1_CruiseAppUITests.swift */; };
		B19A311A2B02F4B500190F8F /* Team1_CruiseAppUITestsLaunchTests.swift in Sources */ = {isa = PBXBuildFile; fileRef = B19A31192B02F4B500190F8F /* Team1_CruiseAppUITestsLaunchTests.swift */; };
		B19A312B2B02F7EA00190F8F /* SearchViewController.swift in Sources */ = {isa = PBXBuildFile; fileRef = B19A312A2B02F7EA00190F8F /* SearchViewController.swift */; };
		B19A312D2B02F7F500190F8F /* LoginController.swift in Sources */ = {isa = PBXBuildFile; fileRef = B19A312C2B02F7F500190F8F /* LoginController.swift */; };
		B19A312F2B02F80800190F8F /* CreateAccountViewController.swift in Sources */ = {isa = PBXBuildFile; fileRef = B19A312E2B02F80800190F8F /* CreateAccountViewController.swift */; };
		B19A31312B02F81500190F8F /* SingleCruiseViewController.swift in Sources */ = {isa = PBXBuildFile; fileRef = B19A31302B02F81500190F8F /* SingleCruiseViewController.swift */; };
		B19A31332B0303D000190F8F /* HomeViewController.swift in Sources */ = {isa = PBXBuildFile; fileRef = B19A31322B0303D000190F8F /* HomeViewController.swift */; };
		B19A31352B031D0B00190F8F /* CustomTableViewCell.swift in Sources */ = {isa = PBXBuildFile; fileRef = B19A31342B031D0B00190F8F /* CustomTableViewCell.swift */; };
		B1AB86932B032E0A008740D8 /* CustomerInfoViewController.swift in Sources */ = {isa = PBXBuildFile; fileRef = B1AB86922B032E0A008740D8 /* CustomerInfoViewController.swift */; };
		B1AB86952B032E3C008740D8 /* PaymentViewController.swift in Sources */ = {isa = PBXBuildFile; fileRef = B1AB86942B032E3C008740D8 /* PaymentViewController.swift */; };
		B1AB86972B033394008740D8 /* DisplayCustomerViewController.swift in Sources */ = {isa = PBXBuildFile; fileRef = B1AB86962B033394008740D8 /* DisplayCustomerViewController.swift */; };
/* End PBXBuildFile section */

/* Begin PBXContainerItemProxy section */
		B19A310A2B02F4B500190F8F /* PBXContainerItemProxy */ = {
			isa = PBXContainerItemProxy;
			containerPortal = B19A30EB2B02F4B300190F8F /* Project object */;
			proxyType = 1;
			remoteGlobalIDString = B19A30F22B02F4B300190F8F;
			remoteInfo = Team1_CruiseApp;
		};
		B19A31142B02F4B500190F8F /* PBXContainerItemProxy */ = {
			isa = PBXContainerItemProxy;
			containerPortal = B19A30EB2B02F4B300190F8F /* Project object */;
			proxyType = 1;
			remoteGlobalIDString = B19A30F22B02F4B300190F8F;
			remoteInfo = Team1_CruiseApp;
		};
/* End PBXContainerItemProxy section */

/* Begin PBXFileReference section */
		B19A30F32B02F4B300190F8F /* Team1_CruiseApp.app */ = {isa = PBXFileReference; explicitFileType = wrapper.application; includeInIndex = 0; path = Team1_CruiseApp.app; sourceTree = BUILT_PRODUCTS_DIR; };
		B19A30F62B02F4B300190F8F /* AppDelegate.swift */ = {isa = PBXFileReference; lastKnownFileType = sourcecode.swift; path = AppDelegate.swift; sourceTree = "<group>"; };
		B19A30F82B02F4B300190F8F /* SceneDelegate.swift */ = {isa = PBXFileReference; lastKnownFileType = sourcecode.swift; path = SceneDelegate.swift; sourceTree = "<group>"; };
		B19A30FD2B02F4B300190F8F /* Base */ = {isa = PBXFileReference; lastKnownFileType = file.storyboard; name = Base; path = Base.lproj/Main.storyboard; sourceTree = "<group>"; };
		B19A30FF2B02F4B500190F8F /* Assets.xcassets */ = {isa = PBXFileReference; lastKnownFileType = folder.assetcatalog; path = Assets.xcassets; sourceTree = "<group>"; };
		B19A31022B02F4B500190F8F /* Base */ = {isa = PBXFileReference; lastKnownFileType = file.storyboard; name = Base; path = Base.lproj/LaunchScreen.storyboard; sourceTree = "<group>"; };
		B19A31042B02F4B500190F8F /* Info.plist */ = {isa = PBXFileReference; lastKnownFileType = text.plist.xml; path = Info.plist; sourceTree = "<group>"; };
		B19A31092B02F4B500190F8F /* Team1_CruiseAppTests.xctest */ = {isa = PBXFileReference; explicitFileType = wrapper.cfbundle; includeInIndex = 0; path = Team1_CruiseAppTests.xctest; sourceTree = BUILT_PRODUCTS_DIR; };
		B19A310D2B02F4B500190F8F /* Team1_CruiseAppTests.swift */ = {isa = PBXFileReference; lastKnownFileType = sourcecode.swift; path = Team1_CruiseAppTests.swift; sourceTree = "<group>"; };
		B19A31132B02F4B500190F8F /* Team1_CruiseAppUITests.xctest */ = {isa = PBXFileReference; explicitFileType = wrapper.cfbundle; includeInIndex = 0; path = Team1_CruiseAppUITests.xctest; sourceTree = BUILT_PRODUCTS_DIR; };
		B19A31172B02F4B500190F8F /* Team1_CruiseAppUITests.swift */ = {isa = PBXFileReference; lastKnownFileType = sourcecode.swift; path = Team1_CruiseAppUITests.swift; sourceTree = "<group>"; };
		B19A31192B02F4B500190F8F /* Team1_CruiseAppUITestsLaunchTests.swift */ = {isa = PBXFileReference; lastKnownFileType = sourcecode.swift; path = Team1_CruiseAppUITestsLaunchTests.swift; sourceTree = "<group>"; };
		B19A312A2B02F7EA00190F8F /* SearchViewController.swift */ = {isa = PBXFileReference; lastKnownFileType = sourcecode.swift; path = SearchViewController.swift; sourceTree = "<group>"; };
		B19A312C2B02F7F500190F8F /* LoginController.swift */ = {isa = PBXFileReference; lastKnownFileType = sourcecode.swift; path = LoginController.swift; sourceTree = "<group>"; };
		B19A312E2B02F80800190F8F /* CreateAccountViewController.swift */ = {isa = PBXFileReference; lastKnownFileType = sourcecode.swift; path = CreateAccountViewController.swift; sourceTree = "<group>"; };
		B19A31302B02F81500190F8F /* SingleCruiseViewController.swift */ = {isa = PBXFileReference; lastKnownFileType = sourcecode.swift; path = SingleCruiseViewController.swift; sourceTree = "<group>"; };
		B19A31322B0303D000190F8F /* HomeViewController.swift */ = {isa = PBXFileReference; lastKnownFileType = sourcecode.swift; path = HomeViewController.swift; sourceTree = "<group>"; };
		B19A31342B031D0B00190F8F /* CustomTableViewCell.swift */ = {isa = PBXFileReference; lastKnownFileType = sourcecode.swift; path = CustomTableViewCell.swift; sourceTree = "<group>"; };
		B1AB86922B032E0A008740D8 /* CustomerInfoViewController.swift */ = {isa = PBXFileReference; lastKnownFileType = sourcecode.swift; path = CustomerInfoViewController.swift; sourceTree = "<group>"; };
		B1AB86942B032E3C008740D8 /* PaymentViewController.swift */ = {isa = PBXFileReference; lastKnownFileType = sourcecode.swift; path = PaymentViewController.swift; sourceTree = "<group>"; };
		B1AB86962B033394008740D8 /* DisplayCustomerViewController.swift */ = {isa = PBXFileReference; lastKnownFileType = sourcecode.swift; path = DisplayCustomerViewController.swift; sourceTree = "<group>"; };
/* End PBXFileReference section */

/* Begin PBXFrameworksBuildPhase section */
		B19A30F02B02F4B300190F8F /* Frameworks */ = {
			isa = PBXFrameworksBuildPhase;
			buildActionMask = 2147483647;
			files = (
			);
			runOnlyForDeploymentPostprocessing = 0;
		};
		B19A31062B02F4B500190F8F /* Frameworks */ = {
			isa = PBXFrameworksBuildPhase;
			buildActionMask = 2147483647;
			files = (
			);
			runOnlyForDeploymentPostprocessing = 0;
		};
		B19A31102B02F4B500190F8F /* Frameworks */ = {
			isa = PBXFrameworksBuildPhase;
			buildActionMask = 2147483647;
			files = (
			);
			runOnlyForDeploymentPostprocessing = 0;
		};
/* End PBXFrameworksBuildPhase section */

/* Begin PBXGroup section */
		B19A30EA2B02F4B300190F8F = {
			isa = PBXGroup;
			children = (
				B19A30F52B02F4B300190F8F /* Team1_CruiseApp */,
				B19A310C2B02F4B500190F8F /* Team1_CruiseAppTests */,
				B19A31162B02F4B500190F8F /* Team1_CruiseAppUITests */,
				B19A30F42B02F4B300190F8F /* Products */,
			);
			sourceTree = "<group>";
		};
		B19A30F42B02F4B300190F8F /* Products */ = {
			isa = PBXGroup;
			children = (
				B19A30F32B02F4B300190F8F /* Team1_CruiseApp.app */,
				B19A31092B02F4B500190F8F /* Team1_CruiseAppTests.xctest */,
				B19A31132B02F4B500190F8F /* Team1_CruiseAppUITests.xctest */,
			);
			name = Products;
			sourceTree = "<group>";
		};
		B19A30F52B02F4B300190F8F /* Team1_CruiseApp */ = {
			isa = PBXGroup;
			children = (
				B19A30F62B02F4B300190F8F /* AppDelegate.swift */,
				B19A30F82B02F4B300190F8F /* SceneDelegate.swift */,
				B19A30FC2B02F4B300190F8F /* Main.storyboard */,
				B19A30FF2B02F4B500190F8F /* Assets.xcassets */,
				B19A31012B02F4B500190F8F /* LaunchScreen.storyboard */,
				B19A31042B02F4B500190F8F /* Info.plist */,
				B19A312A2B02F7EA00190F8F /* SearchViewController.swift */,
				B19A312C2B02F7F500190F8F /* LoginController.swift */,
				B19A312E2B02F80800190F8F /* CreateAccountViewController.swift */,
				B19A31302B02F81500190F8F /* SingleCruiseViewController.swift */,
				B19A31322B0303D000190F8F /* HomeViewController.swift */,
				B19A31342B031D0B00190F8F /* CustomTableViewCell.swift */,
				B1AB86922B032E0A008740D8 /* CustomerInfoViewController.swift */,
				B1AB86942B032E3C008740D8 /* PaymentViewController.swift */,
				B1AB86962B033394008740D8 /* DisplayCustomerViewController.swift */,
			);
			path = Team1_CruiseApp;
			sourceTree = "<group>";
		};
		B19A310C2B02F4B500190F8F /* Team1_CruiseAppTests */ = {
			isa = PBXGroup;
			children = (
				B19A310D2B02F4B500190F8F /* Team1_CruiseAppTests.swift */,
			);
			path = Team1_CruiseAppTests;
			sourceTree = "<group>";
		};
		B19A31162B02F4B500190F8F /* Team1_CruiseAppUITests */ = {
			isa = PBXGroup;
			children = (
				B19A31172B02F4B500190F8F /* Team1_CruiseAppUITests.swift */,
				B19A31192B02F4B500190F8F /* Team1_CruiseAppUITestsLaunchTests.swift */,
			);
			path = Team1_CruiseAppUITests;
			sourceTree = "<group>";
		};
/* End PBXGroup section */

/* Begin PBXNativeTarget section */
		B19A30F22B02F4B300190F8F /* Team1_CruiseApp */ = {
			isa = PBXNativeTarget;
			buildConfigurationList = B19A311D2B02F4B500190F8F /* Build configuration list for PBXNativeTarget "Team1_CruiseApp" */;
			buildPhases = (
				B19A30EF2B02F4B300190F8F /* Sources */,
				B19A30F02B02F4B300190F8F /* Frameworks */,
				B19A30F12B02F4B300190F8F /* Resources */,
			);
			buildRules = (
			);
			dependencies = (
			);
			name = Team1_CruiseApp;
			productName = Team1_CruiseApp;
			productReference = B19A30F32B02F4B300190F8F /* Team1_CruiseApp.app */;
			productType = "com.apple.product-type.application";
		};
		B19A31082B02F4B500190F8F /* Team1_CruiseAppTests */ = {
			isa = PBXNativeTarget;
			buildConfigurationList = B19A31202B02F4B500190F8F /* Build configuration list for PBXNativeTarget "Team1_CruiseAppTests" */;
			buildPhases = (
				B19A31052B02F4B500190F8F /* Sources */,
				B19A31062B02F4B500190F8F /* Frameworks */,
				B19A31072B02F4B500190F8F /* Resources */,
			);
			buildRules = (
			);
			dependencies = (
				B19A310B2B02F4B500190F8F /* PBXTargetDependency */,
			);
			name = Team1_CruiseAppTests;
			productName = Team1_CruiseAppTests;
			productReference = B19A31092B02F4B500190F8F /* Team1_CruiseAppTests.xctest */;
			productType = "com.apple.product-type.bundle.unit-test";
		};
		B19A31122B02F4B500190F8F /* Team1_CruiseAppUITests */ = {
			isa = PBXNativeTarget;
			buildConfigurationList = B19A31232B02F4B500190F8F /* Build configuration list for PBXNativeTarget "Team1_CruiseAppUITests" */;
			buildPhases = (
				B19A310F2B02F4B500190F8F /* Sources */,
				B19A31102B02F4B500190F8F /* Frameworks */,
				B19A31112B02F4B500190F8F /* Resources */,
			);
			buildRules = (
			);
			dependencies = (
				B19A31152B02F4B500190F8F /* PBXTargetDependency */,
			);
			name = Team1_CruiseAppUITests;
			productName = Team1_CruiseAppUITests;
			productReference = B19A31132B02F4B500190F8F /* Team1_CruiseAppUITests.xctest */;
			productType = "com.apple.product-type.bundle.ui-testing";
		};
/* End PBXNativeTarget section */

/* Begin PBXProject section */
		B19A30EB2B02F4B300190F8F /* Project object */ = {
			isa = PBXProject;
			attributes = {
				BuildIndependentTargetsInParallel = 1;
				LastSwiftUpdateCheck = 1500;
				LastUpgradeCheck = 1500;
				TargetAttributes = {
					B19A30F22B02F4B300190F8F = {
						CreatedOnToolsVersion = 15.0;
					};
					B19A31082B02F4B500190F8F = {
						CreatedOnToolsVersion = 15.0;
						TestTargetID = B19A30F22B02F4B300190F8F;
					};
					B19A31122B02F4B500190F8F = {
						CreatedOnToolsVersion = 15.0;
						TestTargetID = B19A30F22B02F4B300190F8F;
					};
				};
			};
			buildConfigurationList = B19A30EE2B02F4B300190F8F /* Build configuration list for PBXProject "Team1_CruiseApp" */;
			compatibilityVersion = "Xcode 14.0";
			developmentRegion = en;
			hasScannedForEncodings = 0;
			knownRegions = (
				en,
				Base,
			);
			mainGroup = B19A30EA2B02F4B300190F8F;
			productRefGroup = B19A30F42B02F4B300190F8F /* Products */;
			projectDirPath = "";
			projectRoot = "";
			targets = (
				B19A30F22B02F4B300190F8F /* Team1_CruiseApp */,
				B19A31082B02F4B500190F8F /* Team1_CruiseAppTests */,
				B19A31122B02F4B500190F8F /* Team1_CruiseAppUITests */,
			);
		};
/* End PBXProject section */

/* Begin PBXResourcesBuildPhase section */
		B19A30F12B02F4B300190F8F /* Resources */ = {
			isa = PBXResourcesBuildPhase;
			buildActionMask = 2147483647;
			files = (
				B19A31032B02F4B500190F8F /* LaunchScreen.storyboard in Resources */,
				B19A31002B02F4B500190F8F /* Assets.xcassets in Resources */,
				B19A30FE2B02F4B300190F8F /* Main.storyboard in Resources */,
			);
			runOnlyForDeploymentPostprocessing = 0;
		};
		B19A31072B02F4B500190F8F /* Resources */ = {
			isa = PBXResourcesBuildPhase;
			buildActionMask = 2147483647;
			files = (
			);
			runOnlyForDeploymentPostprocessing = 0;
		};
		B19A31112B02F4B500190F8F /* Resources */ = {
			isa = PBXResourcesBuildPhase;
			buildActionMask = 2147483647;
			files = (
			);
			runOnlyForDeploymentPostprocessing = 0;
		};
/* End PBXResourcesBuildPhase section */

/* Begin PBXSourcesBuildPhase section */
		B19A30EF2B02F4B300190F8F /* Sources */ = {
			isa = PBXSourcesBuildPhase;
			buildActionMask = 2147483647;
			files = (
				B19A312F2B02F80800190F8F /* CreateAccountViewController.swift in Sources */,
				B19A31312B02F81500190F8F /* SingleCruiseViewController.swift in Sources */,
				B19A31352B031D0B00190F8F /* CustomTableViewCell.swift in Sources */,
				B19A31332B0303D000190F8F /* HomeViewController.swift in Sources */,
				B19A30F72B02F4B300190F8F /* AppDelegate.swift in Sources */,
				B19A312B2B02F7EA00190F8F /* SearchViewController.swift in Sources */,
				B19A30F92B02F4B300190F8F /* SceneDelegate.swift in Sources */,
				B1AB86952B032E3C008740D8 /* PaymentViewController.swift in Sources */,
				B19A312D2B02F7F500190F8F /* LoginController.swift in Sources */,
				B1AB86932B032E0A008740D8 /* CustomerInfoViewController.swift in Sources */,
				B1AB86972B033394008740D8 /* DisplayCustomerViewController.swift in Sources */,
			);
			runOnlyForDeploymentPostprocessing = 0;
		};
		B19A31052B02F4B500190F8F /* Sources */ = {
			isa = PBXSourcesBuildPhase;
			buildActionMask = 2147483647;
			files = (
				B19A310E2B02F4B500190F8F /* Team1_CruiseAppTests.swift in Sources */,
			);
			runOnlyForDeploymentPostprocessing = 0;
		};
		B19A310F2B02F4B500190F8F /* Sources */ = {
			isa = PBXSourcesBuildPhase;
			buildActionMask = 2147483647;
			files = (
				B19A311A2B02F4B500190F8F /* Team1_CruiseAppUITestsLaunchTests.swift in Sources */,
				B19A31182B02F4B500190F8F /* Team1_CruiseAppUITests.swift in Sources */,
			);
			runOnlyForDeploymentPostprocessing = 0;
		};
/* End PBXSourcesBuildPhase section */

/* Begin PBXTargetDependency section */
		B19A310B2B02F4B500190F8F /* PBXTargetDependency */ = {
			isa = PBXTargetDependency;
			target = B19A30F22B02F4B300190F8F /* Team1_CruiseApp */;
			targetProxy = B19A310A2B02F4B500190F8F /* PBXContainerItemProxy */;
		};
		B19A31152B02F4B500190F8F /* PBXTargetDependency */ = {
			isa = PBXTargetDependency;
			target = B19A30F22B02F4B300190F8F /* Team1_CruiseApp */;
			targetProxy = B19A31142B02F4B500190F8F /* PBXContainerItemProxy */;
		};
/* End PBXTargetDependency section */

/* Begin PBXVariantGroup section */
		B19A30FC2B02F4B300190F8F /* Main.storyboard */ = {
			isa = PBXVariantGroup;
			children = (
				B19A30FD2B02F4B300190F8F /* Base */,
			);
			name = Main.storyboard;
			sourceTree = "<group>";
		};
		B19A31012B02F4B500190F8F /* LaunchScreen.storyboard */ = {
			isa = PBXVariantGroup;
			children = (
				B19A31022B02F4B500190F8F /* Base */,
			);
			name = LaunchScreen.storyboard;
			sourceTree = "<group>";
		};
/* End PBXVariantGroup section */

/* Begin XCBuildConfiguration section */
		B19A311B2B02F4B500190F8F /* Debug */ = {
			isa = XCBuildConfiguration;
			buildSettings = {
				ALWAYS_SEARCH_USER_PATHS = NO;
				ASSETCATALOG_COMPILER_GENERATE_SWIFT_ASSET_SYMBOL_EXTENSIONS = YES;
				CLANG_ANALYZER_NONNULL = YES;
				CLANG_ANALYZER_NUMBER_OBJECT_CONVERSION = YES_AGGRESSIVE;
				CLANG_CXX_LANGUAGE_STANDARD = "gnu++20";
				CLANG_ENABLE_MODULES = YES;
				CLANG_ENABLE_OBJC_ARC = YES;
				CLANG_ENABLE_OBJC_WEAK = YES;
				CLANG_WARN_BLOCK_CAPTURE_AUTORELEASING = YES;
				CLANG_WARN_BOOL_CONVERSION = YES;
				CLANG_WARN_COMMA = YES;
				CLANG_WARN_CONSTANT_CONVERSION = YES;
				CLANG_WARN_DEPRECATED_OBJC_IMPLEMENTATIONS = YES;
				CLANG_WARN_DIRECT_OBJC_ISA_USAGE = YES_ERROR;
				CLANG_WARN_DOCUMENTATION_COMMENTS = YES;
				CLANG_WARN_EMPTY_BODY = YES;
				CLANG_WARN_ENUM_CONVERSION = YES;
				CLANG_WARN_INFINITE_RECURSION = YES;
				CLANG_WARN_INT_CONVERSION = YES;
				CLANG_WARN_NON_LITERAL_NULL_CONVERSION = YES;
				CLANG_WARN_OBJC_IMPLICIT_RETAIN_SELF = YES;
				CLANG_WARN_OBJC_LITERAL_CONVERSION = YES;
				CLANG_WARN_OBJC_ROOT_CLASS = YES_ERROR;
				CLANG_WARN_QUOTED_INCLUDE_IN_FRAMEWORK_HEADER = YES;
				CLANG_WARN_RANGE_LOOP_ANALYSIS = YES;
				CLANG_WARN_STRICT_PROTOTYPES = YES;
				CLANG_WARN_SUSPICIOUS_MOVE = YES;
				CLANG_WARN_UNGUARDED_AVAILABILITY = YES_AGGRESSIVE;
				CLANG_WARN_UNREACHABLE_CODE = YES;
				CLANG_WARN__DUPLICATE_METHOD_MATCH = YES;
				COPY_PHASE_STRIP = NO;
				DEBUG_INFORMATION_FORMAT = dwarf;
				ENABLE_STRICT_OBJC_MSGSEND = YES;
				ENABLE_TESTABILITY = YES;
				ENABLE_USER_SCRIPT_SANDBOXING = YES;
				GCC_C_LANGUAGE_STANDARD = gnu17;
				GCC_DYNAMIC_NO_PIC = NO;
				GCC_NO_COMMON_BLOCKS = YES;
				GCC_OPTIMIZATION_LEVEL = 0;
				GCC_PREPROCESSOR_DEFINITIONS = (
					"DEBUG=1",
					"$(inherited)",
				);
				GCC_WARN_64_TO_32_BIT_CONVERSION = YES;
				GCC_WARN_ABOUT_RETURN_TYPE = YES_ERROR;
				GCC_WARN_UNDECLARED_SELECTOR = YES;
				GCC_WARN_UNINITIALIZED_AUTOS = YES_AGGRESSIVE;
				GCC_WARN_UNUSED_FUNCTION = YES;
				GCC_WARN_UNUSED_VARIABLE = YES;
				IPHONEOS_DEPLOYMENT_TARGET = 17.0;
				LOCALIZATION_PREFERS_STRING_CATALOGS = YES;
				MTL_ENABLE_DEBUG_INFO = INCLUDE_SOURCE;
				MTL_FAST_MATH = YES;
				ONLY_ACTIVE_ARCH = YES;
				SDKROOT = iphoneos;
				SWIFT_ACTIVE_COMPILATION_CONDITIONS = "DEBUG $(inherited)";
				SWIFT_OPTIMIZATION_LEVEL = "-Onone";
			};
			name = Debug;
		};
		B19A311C2B02F4B500190F8F /* Release */ = {
			isa = XCBuildConfiguration;
			buildSettings = {
				ALWAYS_SEARCH_USER_PATHS = NO;
				ASSETCATALOG_COMPILER_GENERATE_SWIFT_ASSET_SYMBOL_EXTENSIONS = YES;
				CLANG_ANALYZER_NONNULL = YES;
				CLANG_ANALYZER_NUMBER_OBJECT_CONVERSION = YES_AGGRESSIVE;
				CLANG_CXX_LANGUAGE_STANDARD = "gnu++20";
				CLANG_ENABLE_MODULES = YES;
				CLANG_ENABLE_OBJC_ARC = YES;
				CLANG_ENABLE_OBJC_WEAK = YES;
				CLANG_WARN_BLOCK_CAPTURE_AUTORELEASING = YES;
				CLANG_WARN_BOOL_CONVERSION = YES;
				CLANG_WARN_COMMA = YES;
				CLANG_WARN_CONSTANT_CONVERSION = YES;
				CLANG_WARN_DEPRECATED_OBJC_IMPLEMENTATIONS = YES;
				CLANG_WARN_DIRECT_OBJC_ISA_USAGE = YES_ERROR;
				CLANG_WARN_DOCUMENTATION_COMMENTS = YES;
				CLANG_WARN_EMPTY_BODY = YES;
				CLANG_WARN_ENUM_CONVERSION = YES;
				CLANG_WARN_INFINITE_RECURSION = YES;
				CLANG_WARN_INT_CONVERSION = YES;
				CLANG_WARN_NON_LITERAL_NULL_CONVERSION = YES;
				CLANG_WARN_OBJC_IMPLICIT_RETAIN_SELF = YES;
				CLANG_WARN_OBJC_LITERAL_CONVERSION = YES;
				CLANG_WARN_OBJC_ROOT_CLASS = YES_ERROR;
				CLANG_WARN_QUOTED_INCLUDE_IN_FRAMEWORK_HEADER = YES;
				CLANG_WARN_RANGE_LOOP_ANALYSIS = YES;
				CLANG_WARN_STRICT_PROTOTYPES = YES;
				CLANG_WARN_SUSPICIOUS_MOVE = YES;
				CLANG_WARN_UNGUARDED_AVAILABILITY = YES_AGGRESSIVE;
				CLANG_WARN_UNREACHABLE_CODE = YES;
				CLANG_WARN__DUPLICATE_METHOD_MATCH = YES;
				COPY_PHASE_STRIP = NO;
				DEBUG_INFORMATION_FORMAT = "dwarf-with-dsym";
				ENABLE_NS_ASSERTIONS = NO;
				ENABLE_STRICT_OBJC_MSGSEND = YES;
				ENABLE_USER_SCRIPT_SANDBOXING = YES;
				GCC_C_LANGUAGE_STANDARD = gnu17;
				GCC_NO_COMMON_BLOCKS = YES;
				GCC_WARN_64_TO_32_BIT_CONVERSION = YES;
				GCC_WARN_ABOUT_RETURN_TYPE = YES_ERROR;
				GCC_WARN_UNDECLARED_SELECTOR = YES;
				GCC_WARN_UNINITIALIZED_AUTOS = YES_AGGRESSIVE;
				GCC_WARN_UNUSED_FUNCTION = YES;
				GCC_WARN_UNUSED_VARIABLE = YES;
				IPHONEOS_DEPLOYMENT_TARGET = 17.0;
				LOCALIZATION_PREFERS_STRING_CATALOGS = YES;
				MTL_ENABLE_DEBUG_INFO = NO;
				MTL_FAST_MATH = YES;
				SDKROOT = iphoneos;
				SWIFT_COMPILATION_MODE = wholemodule;
				VALIDATE_PRODUCT = YES;
			};
			name = Release;
		};
		B19A311E2B02F4B500190F8F /* Debug */ = {
			isa = XCBuildConfiguration;
			buildSettings = {
				ASSETCATALOG_COMPILER_APPICON_NAME = AppIcon;
				ASSETCATALOG_COMPILER_GLOBAL_ACCENT_COLOR_NAME = AccentColor;
				CODE_SIGN_STYLE = Automatic;
				CURRENT_PROJECT_VERSION = 1;
				GENERATE_INFOPLIST_FILE = YES;
				INFOPLIST_FILE = Team1_CruiseApp/Info.plist;
				INFOPLIST_KEY_UIApplicationSupportsIndirectInputEvents = YES;
				INFOPLIST_KEY_UILaunchStoryboardName = LaunchScreen;
				INFOPLIST_KEY_UIMainStoryboardFile = Main;
				INFOPLIST_KEY_UISupportedInterfaceOrientations_iPad = "UIInterfaceOrientationPortrait UIInterfaceOrientationPortraitUpsideDown UIInterfaceOrientationLandscapeLeft UIInterfaceOrientationLandscapeRight";
				INFOPLIST_KEY_UISupportedInterfaceOrientations_iPhone = "UIInterfaceOrientationPortrait UIInterfaceOrientationLandscapeLeft UIInterfaceOrientationLandscapeRight";
				LD_RUNPATH_SEARCH_PATHS = (
					"$(inherited)",
					"@executable_path/Frameworks",
				);
				MARKETING_VERSION = 1.0;
				PRODUCT_BUNDLE_IDENTIFIER = "class.Team1-CruiseApp";
				PRODUCT_NAME = "$(TARGET_NAME)";
				SWIFT_EMIT_LOC_STRINGS = YES;
				SWIFT_VERSION = 5.0;
				TARGETED_DEVICE_FAMILY = "1,2";
			};
			name = Debug;
		};
		B19A311F2B02F4B500190F8F /* Release */ = {
			isa = XCBuildConfiguration;
			buildSettings = {
				ASSETCATALOG_COMPILER_APPICON_NAME = AppIcon;
				ASSETCATALOG_COMPILER_GLOBAL_ACCENT_COLOR_NAME = AccentColor;
				CODE_SIGN_STYLE = Automatic;
				CURRENT_PROJECT_VERSION = 1;
				GENERATE_INFOPLIST_FILE = YES;
				INFOPLIST_FILE = Team1_CruiseApp/Info.plist;
				INFOPLIST_KEY_UIApplicationSupportsIndirectInputEvents = YES;
				INFOPLIST_KEY_UILaunchStoryboardName = LaunchScreen;
				INFOPLIST_KEY_UIMainStoryboardFile = Main;
				INFOPLIST_KEY_UISupportedInterfaceOrientations_iPad = "UIInterfaceOrientationPortrait UIInterfaceOrientationPortraitUpsideDown UIInterfaceOrientationLandscapeLeft UIInterfaceOrientationLandscapeRight";
				INFOPLIST_KEY_UISupportedInterfaceOrientations_iPhone = "UIInterfaceOrientationPortrait UIInterfaceOrientationLandscapeLeft UIInterfaceOrientationLandscapeRight";
				LD_RUNPATH_SEARCH_PATHS = (
					"$(inherited)",
					"@executable_path/Frameworks",
				);
				MARKETING_VERSION = 1.0;
				PRODUCT_BUNDLE_IDENTIFIER = "class.Team1-CruiseApp";
				PRODUCT_NAME = "$(TARGET_NAME)";
				SWIFT_EMIT_LOC_STRINGS = YES;
				SWIFT_VERSION = 5.0;
				TARGETED_DEVICE_FAMILY = "1,2";
			};
			name = Release;
		};
		B19A31212B02F4B500190F8F /* Debug */ = {
			isa = XCBuildConfiguration;
			buildSettings = {
				ALWAYS_EMBED_SWIFT_STANDARD_LIBRARIES = YES;
				BUNDLE_LOADER = "$(TEST_HOST)";
				CODE_SIGN_STYLE = Automatic;
				CURRENT_PROJECT_VERSION = 1;
				GENERATE_INFOPLIST_FILE = YES;
				IPHONEOS_DEPLOYMENT_TARGET = 17.0;
				MARKETING_VERSION = 1.0;
				PRODUCT_BUNDLE_IDENTIFIER = "class.Team1-CruiseAppTests";
				PRODUCT_NAME = "$(TARGET_NAME)";
				SWIFT_EMIT_LOC_STRINGS = NO;
				SWIFT_VERSION = 5.0;
				TARGETED_DEVICE_FAMILY = "1,2";
				TEST_HOST = "$(BUILT_PRODUCTS_DIR)/Team1_CruiseApp.app/$(BUNDLE_EXECUTABLE_FOLDER_PATH)/Team1_CruiseApp";
			};
			name = Debug;
		};
		B19A31222B02F4B500190F8F /* Release */ = {
			isa = XCBuildConfiguration;
			buildSettings = {
				ALWAYS_EMBED_SWIFT_STANDARD_LIBRARIES = YES;
				BUNDLE_LOADER = "$(TEST_HOST)";
				CODE_SIGN_STYLE = Automatic;
				CURRENT_PROJECT_VERSION = 1;
				GENERATE_INFOPLIST_FILE = YES;
				IPHONEOS_DEPLOYMENT_TARGET = 17.0;
				MARKETING_VERSION = 1.0;
				PRODUCT_BUNDLE_IDENTIFIER = "class.Team1-CruiseAppTests";
				PRODUCT_NAME = "$(TARGET_NAME)";
				SWIFT_EMIT_LOC_STRINGS = NO;
				SWIFT_VERSION = 5.0;
				TARGETED_DEVICE_FAMILY = "1,2";
				TEST_HOST = "$(BUILT_PRODUCTS_DIR)/Team1_CruiseApp.app/$(BUNDLE_EXECUTABLE_FOLDER_PATH)/Team1_CruiseApp";
			};
			name = Release;
		};
		B19A31242B02F4B500190F8F /* Debug */ = {
			isa = XCBuildConfiguration;
			buildSettings = {
				ALWAYS_EMBED_SWIFT_STANDARD_LIBRARIES = YES;
				CODE_SIGN_STYLE = Automatic;
				CURRENT_PROJECT_VERSION = 1;
				GENERATE_INFOPLIST_FILE = YES;
				MARKETING_VERSION = 1.0;
				PRODUCT_BUNDLE_IDENTIFIER = "class.Team1-CruiseAppUITests";
				PRODUCT_NAME = "$(TARGET_NAME)";
				SWIFT_EMIT_LOC_STRINGS = NO;
				SWIFT_VERSION = 5.0;
				TARGETED_DEVICE_FAMILY = "1,2";
				TEST_TARGET_NAME = Team1_CruiseApp;
			};
			name = Debug;
		};
		B19A31252B02F4B500190F8F /* Release */ = {
			isa = XCBuildConfiguration;
			buildSettings = {
				ALWAYS_EMBED_SWIFT_STANDARD_LIBRARIES = YES;
				CODE_SIGN_STYLE = Automatic;
				CURRENT_PROJECT_VERSION = 1;
				GENERATE_INFOPLIST_FILE = YES;
				MARKETING_VERSION = 1.0;
				PRODUCT_BUNDLE_IDENTIFIER = "class.Team1-CruiseAppUITests";
				PRODUCT_NAME = "$(TARGET_NAME)";
				SWIFT_EMIT_LOC_STRINGS = NO;
				SWIFT_VERSION = 5.0;
				TARGETED_DEVICE_FAMILY = "1,2";
				TEST_TARGET_NAME = Team1_CruiseApp;
			};
			name = Release;
		};
/* End XCBuildConfiguration section */

/* Begin XCConfigurationList section */
		B19A30EE2B02F4B300190F8F /* Build configuration list for PBXProject "Team1_CruiseApp" */ = {
			isa = XCConfigurationList;
			buildConfigurations = (
				B19A311B2B02F4B500190F8F /* Debug */,
				B19A311C2B02F4B500190F8F /* Release */,
			);
			defaultConfigurationIsVisible = 0;
			defaultConfigurationName = Release;
		};
		B19A311D2B02F4B500190F8F /* Build configuration list for PBXNativeTarget "Team1_CruiseApp" */ = {
			isa = XCConfigurationList;
			buildConfigurations = (
				B19A311E2B02F4B500190F8F /* Debug */,
				B19A311F2B02F4B500190F8F /* Release */,
			);
			defaultConfigurationIsVisible = 0;
			defaultConfigurationName = Release;
		};
		B19A31202B02F4B500190F8F /* Build configuration list for PBXNativeTarget "Team1_CruiseAppTests" */ = {
			isa = XCConfigurationList;
			buildConfigurations = (
				B19A31212B02F4B500190F8F /* Debug */,
				B19A31222B02F4B500190F8F /* Release */,
			);
			defaultConfigurationIsVisible = 0;
			defaultConfigurationName = Release;
		};
		B19A31232B02F4B500190F8F /* Build configuration list for PBXNativeTarget "Team1_CruiseAppUITests" */ = {
			isa = XCConfigurationList;
			buildConfigurations = (
				B19A31242B02F4B500190F8F /* Debug */,
				B19A31252B02F4B500190F8F /* Release */,
			);
			defaultConfigurationIsVisible = 0;
			defaultConfigurationName = Release;
		};
/* End XCConfigurationList section */
	};
	rootObject = B19A30EB2B02F4B300190F8F /* Project object */;
}
